
Microsoft Visual Studio Solution File, Format Version 12.00
# Visual Studio Version 17
VisualStudioVersion = 17.3.32929.385
MinimumVisualStudioVersion = 10.0.40219.1
Project("{9A19103F-16F7-4668-BE54-9A1E7A4F7556}") = "NWCodeFirstMVC", "NWCodeFirstMVC\NWCodeFirstMVC.csproj", "{FA051110-9FA0-4DBE-8D8F-0119D43C9DCB}"
EndProject
Project("{9A19103F-16F7-4668-BE54-9A1E7A4F7556}") = "NwCodeFirstMVC.Data", "NwCodeFirstMVC.Data\NwCodeFirstMVC.Data.csproj", "{6D8B0E4C-B5F8-44B3-A851-5E1B79924CC3}"
EndProject
Project("{9A19103F-16F7-4668-BE54-9A1E7A4F7556}") = "NWCodeFirstMVC.Domain", "NWCodeFirstMVC.Domain\NWCodeFirstMVC.Domain.csproj", "{0AA95647-FAA5-4BE4-9E8B-C81BF17F858C}"
EndProject
Project("{9A19103F-16F7-4668-BE54-9A1E7A4F7556}") = "NWCodeFirstMVC.App", "NWCodeFirstMVC.App\NWCodeFirstMVC.App.csproj", "{31F69EB1-9D95-401F-A5DC-3818640C1D40}"
EndProject
Project("{9A19103F-16F7-4668-BE54-9A1E7A4F7556}") = "NWCodeFirstMVC.Api", "NWCodeFirstMVC.Api\NWCodeFirstMVC.Api.csproj", "{198143C2-C95D-4432-9CDF-2CD79A8080FD}"
EndProject
Project("{9A19103F-16F7-4668-BE54-9A1E7A4F7556}") = "NWCodeFirstMVC.Infrastructure", "NWCodeFirstMVC.Infrastructure\NWCodeFirstMVC.Infrastructure.csproj", "{AEE9DF66-BF85-464E-A6CB-3B456909DD88}"
EndProject
Global
	GlobalSection(SolutionConfigurationPlatforms) = preSolution
		Debug|Any CPU = Debug|Any CPU
		Release|Any CPU = Release|Any CPU
	EndGlobalSection
	GlobalSection(ProjectConfigurationPlatforms) = postSolution
		{FA051110-9FA0-4DBE-8D8F-0119D43C9DCB}.Debug|Any CPU.ActiveCfg = Debug|Any CPU
		{FA051110-9FA0-4DBE-8D8F-0119D43C9DCB}.Debug|Any CPU.Build.0 = Debug|Any CPU
		{FA051110-9FA0-4DBE-8D8F-0119D43C9DCB}.Release|Any CPU.ActiveCfg = Release|Any CPU
		{FA051110-9FA0-4DBE-8D8F-0119D43C9DCB}.Release|Any CPU.Build.0 = Release|Any CPU
		{6D8B0E4C-B5F8-44B3-A851-5E1B79924CC3}.Debug|Any CPU.ActiveCfg = Debug|Any CPU
		{6D8B0E4C-B5F8-44B3-A851-5E1B79924CC3}.Debug|Any CPU.Build.0 = Debug|Any CPU
		{6D8B0E4C-B5F8-44B3-A851-5E1B79924CC3}.Release|Any CPU.ActiveCfg = Release|Any CPU
		{6D8B0E4C-B5F8-44B3-A851-5E1B79924CC3}.Release|Any CPU.Build.0 = Release|Any CPU
		{0AA95647-FAA5-4BE4-9E8B-C81BF17F858C}.Debug|Any CPU.ActiveCfg = Debug|Any CPU
		{0AA95647-FAA5-4BE4-9E8B-C81BF17F858C}.Debug|Any CPU.Build.0 = Debug|Any CPU
		{0AA95647-FAA5-4BE4-9E8B-C81BF17F858C}.Release|Any CPU.ActiveCfg = Release|Any CPU
		{0AA95647-FAA5-4BE4-9E8B-C81BF17F858C}.Release|Any CPU.Build.0 = Release|Any CPU
		{31F69EB1-9D95-401F-A5DC-3818640C1D40}.Debug|Any CPU.ActiveCfg = Debug|Any CPU
		{31F69EB1-9D95-401F-A5DC-3818640C1D40}.Debug|Any CPU.Build.0 = Debug|Any CPU
		{31F69EB1-9D95-401F-A5DC-3818640C1D40}.Release|Any CPU.ActiveCfg = Release|Any CPU
		{31F69EB1-9D95-401F-A5DC-3818640C1D40}.Release|Any CPU.Build.0 = Release|Any CPU
		{198143C2-C95D-4432-9CDF-2CD79A8080FD}.Debug|Any CPU.ActiveCfg = Debug|Any CPU
		{198143C2-C95D-4432-9CDF-2CD79A8080FD}.Debug|Any CPU.Build.0 = Debug|Any CPU
		{198143C2-C95D-4432-9CDF-2CD79A8080FD}.Release|Any CPU.ActiveCfg = Release|Any CPU
		{198143C2-C95D-4432-9CDF-2CD79A8080FD}.Release|Any CPU.Build.0 = Release|Any CPU
		{AEE9DF66-BF85-464E-A6CB-3B456909DD88}.Debug|Any CPU.ActiveCfg = Debug|Any CPU
		{AEE9DF66-BF85-464E-A6CB-3B456909DD88}.Debug|Any CPU.Build.0 = Debug|Any CPU
		{AEE9DF66-BF85-464E-A6CB-3B456909DD88}.Release|Any CPU.ActiveCfg = Release|Any CPU
		{AEE9DF66-BF85-464E-A6CB-3B456909DD88}.Release|Any CPU.Build.0 = Release|Any CPU
	EndGlobalSection
	GlobalSection(SolutionProperties) = preSolution
		HideSolutionNode = FALSE
	EndGlobalSection
	GlobalSection(ExtensibilityGlobals) = postSolution
		SolutionGuid = {468B525A-4ACD-4499-BA7A-6D2F00131B02}
	EndGlobalSection
EndGlobal
